
Microsoft Visual Studio Solution File, Format Version 12.00
# Visual Studio Version 17
VisualStudioVersion = 17.3.32929.385
MinimumVisualStudioVersion = 10.0.40219.1
Project("{9A19103F-16F7-4668-BE54-9A1E7A4F7556}") = "PeakCanUds", "PeakCanUds.csproj", "{743B7408-E661-4ADC-8C07-90F991541CF5}"
EndProject
Project("{FAE04EC0-301F-11D3-BF4B-00C04F79EFBC}") = "PG", "..\PG\PG.csproj", "{CEB9EEBE-E7CB-4626-AFBB-7F40A121F4E6}"
EndProject
Global
	GlobalSection(SolutionConfigurationPlatforms) = preSolution
		Debug|Any CPU = Debug|Any CPU
		Release|Any CPU = Release|Any CPU
	EndGlobalSection
	GlobalSection(ProjectConfigurationPlatforms) = postSolution
		{743B7408-E661-4ADC-8C07-90F991541CF5}.Debug|Any CPU.ActiveCfg = Debug|Any CPU
		{743B7408-E661-4ADC-8C07-90F991541CF5}.Debug|Any CPU.Build.0 = Debug|Any CPU
		{743B7408-E661-4ADC-8C07-90F991541CF5}.Release|Any CPU.ActiveCfg = Release|Any CPU
		{743B7408-E661-4ADC-8C07-90F991541CF5}.Release|Any CPU.Build.0 = Release|Any CPU
		{CEB9EEBE-E7CB-4626-AFBB-7F40A121F4E6}.Debug|Any CPU.ActiveCfg = Debug|Any CPU
		{CEB9EEBE-E7CB-4626-AFBB-7F40A121F4E6}.Debug|Any CPU.Build.0 = Debug|Any CPU
		{CEB9EEBE-E7CB-4626-AFBB-7F40A121F4E6}.Release|Any CPU.ActiveCfg = Release|Any CPU
		{CEB9EEBE-E7CB-4626-AFBB-7F40A121F4E6}.Release|Any CPU.Build.0 = Release|Any CPU
	EndGlobalSection
	GlobalSection(SolutionProperties) = preSolution
		HideSolutionNode = FALSE
	EndGlobalSection
	GlobalSection(ExtensibilityGlobals) = postSolution
		SolutionGuid = {F0736D81-C28F-468D-8F1D-1449CE350D1E}
	EndGlobalSection
EndGlobal
